
Microsoft Visual Studio Solution File, Format Version 12.00
# Visual Studio Version 16
VisualStudioVersion = 16.0.30002.166
MinimumVisualStudioVersion = 10.0.40219.1
Project("{FAE04EC0-301F-11D3-BF4B-00C04F79EFBC}") = "JusiJSONHelper", "JusiJSONHelper\JusiJSONHelper.csproj", "{01F517FB-A55A-4ECE-95C1-CF2F7B42362D}"
EndProject
Project("{FAE04EC0-301F-11D3-BF4B-00C04F79EFBC}") = "JusiJSONHelperTest", "JusiJSONHelperTest\JusiJSONHelperTest.csproj", "{D8824E54-3764-48D0-BC4E-04E19FF9D476}"
EndProject
Global
	GlobalSection(SolutionConfigurationPlatforms) = preSolution
		Debug|Any CPU = Debug|Any CPU
		Release|Any CPU = Release|Any CPU
	EndGlobalSection
	GlobalSection(ProjectConfigurationPlatforms) = postSolution
		{01F517FB-A55A-4ECE-95C1-CF2F7B42362D}.Debug|Any CPU.ActiveCfg = Debug|Any CPU
		{01F517FB-A55A-4ECE-95C1-CF2F7B42362D}.Debug|Any CPU.Build.0 = Debug|Any CPU
		{01F517FB-A55A-4ECE-95C1-CF2F7B42362D}.Release|Any CPU.ActiveCfg = Release|Any CPU
		{01F517FB-A55A-4ECE-95C1-CF2F7B42362D}.Release|Any CPU.Build.0 = Release|Any CPU
		{D8824E54-3764-48D0-BC4E-04E19FF9D476}.Debug|Any CPU.ActiveCfg = Debug|Any CPU
		{D8824E54-3764-48D0-BC4E-04E19FF9D476}.Debug|Any CPU.Build.0 = Debug|Any CPU
		{D8824E54-3764-48D0-BC4E-04E19FF9D476}.Release|Any CPU.ActiveCfg = Release|Any CPU
		{D8824E54-3764-48D0-BC4E-04E19FF9D476}.Release|Any CPU.Build.0 = Release|Any CPU
	EndGlobalSection
	GlobalSection(SolutionProperties) = preSolution
		HideSolutionNode = FALSE
	EndGlobalSection
	GlobalSection(ExtensibilityGlobals) = postSolution
		SolutionGuid = {D08E24F4-5590-49AB-955A-C78DE575A901}
	EndGlobalSection
EndGlobal
